<?xml version="1.0" encoding="utf-8"?>
<Project ToolsVersion="4.0" xmlns="http://schemas.microsoft.com/developer/msbuild/2003">
  <ItemGroup>
    <Filter Include="Master Header">
      <UniqueIdentifier>{adfc9a07-23e8-44d5-ad13-91c0a2174cb7}</UniqueIdentifier>
    </Filter>
    <Filter Include="Sub Headers">
      <UniqueIdentifier>{7995618c-701d-4ba9-a766-0b73bb38ce7e}</UniqueIdentifier>
    </Filter>
    <Filter Include="Lib">
      <UniqueIdentifier>{01ab2f8c-dde7-49b4-8158-80d234528dc7}</UniqueIdentifier>
    </Filter>
  </ItemGroup>
  <ItemGroup>
    <ClInclude Include="Outpost2DLL.h">
      <Filter>Master Header</Filter>
    </ClInclude>
    <ClInclude Include="Enumerators.h">
      <Filter>Sub Headers</Filter>
    </ClInclude>
    <ClInclude Include="Enums.h">
      <Filter>Sub Headers</Filter>
    </ClInclude>
    <ClInclude Include="GameMap.h">
      <Filter>Sub Headers</Filter>
    </ClInclude>
    <ClInclude Include="Globals.h">
      <Filter>Sub Headers</Filter>
    </ClInclude>
    <ClInclude Include="Groups.h">
      <Filter>Sub Headers</Filter>
    </ClInclude>
    <ClInclude Include="MapIdEnum.h">
      <Filter>Sub Headers</Filter>
    </ClInclude>
    <ClInclude Include="NonExportedEnums.h">
      <Filter>Sub Headers</Filter>
    </ClInclude>
    <ClInclude Include="Player.h">
      <Filter>Sub Headers</Filter>
    </ClInclude>
    <ClInclude Include="RequiredExports.h">
      <Filter>Sub Headers</Filter>
    </ClInclude>
    <ClInclude Include="ScStub.h">
      <Filter>Sub Headers</Filter>
    </ClInclude>
    <ClInclude Include="Structs.h">
      <Filter>Sub Headers</Filter>
    </ClInclude>
    <ClInclude Include="TethysGame.h">
      <Filter>Sub Headers</Filter>
    </ClInclude>
    <ClInclude Include="Trigger.h">
      <Filter>Sub Headers</Filter>
    </ClInclude>
    <ClInclude Include="Unit.h">
      <Filter>Sub Headers</Filter>
    </ClInclude>
    <ClInclude Include="UnitBlock.h">
      <Filter>Sub Headers</Filter>
    </ClInclude>
  </ItemGroup>
  <ItemGroup>
    <Library Include="Lib\Outpost2DLL.lib">
      <Filter>Lib</Filter>
    </Library>
  </ItemGroup>
  <ItemGroup>
    <ClCompile Include="Outpost2DLL.cpp" />
  </ItemGroup>
</Project>