<?xml version="1.0" encoding="utf-8"?>
<Project ToolsVersion="4.0" xmlns="http://schemas.microsoft.com/developer/msbuild/2003">
  <ItemGroup>
    <Filter Include="Source Files">
      <UniqueIdentifier>{4FC737F1-C7A5-4376-A066-2A32D752A2FF}</UniqueIdentifier>
      <Extensions>cpp;c;cc;cxx;def;odl;idl;hpj;bat;asm;asmx</Extensions>
    </Filter>
    <Filter Include="Header Files">
      <UniqueIdentifier>{93995380-89BD-4b04-88EB-625FBE52EBFB}</UniqueIdentifier>
      <Extensions>h;hpp;hxx;hm;inl;inc;xsd</Extensions>
    </Filter>
    <Filter Include="Resource Files">
      <UniqueIdentifier>{67DA6AB6-F800-4c08-8B7A-83BB121AAD01}</UniqueIdentifier>
      <Extensions>rc;ico;cur;bmp;dlg;rc2;rct;bin;rgs;gif;jpg;jpeg;jpe;resx;tiff;tif;png;wav;mfcribbon-ms</Extensions>
    </Filter>
  </ItemGroup>
  <ItemGroup>
    <ClInclude Include="HFL.h">
      <Filter>Header Files</Filter>
    </ClInclude>
    <ClInclude Include="HFLTypes.h">
      <Filter>Header Files</Filter>
    </ClInclude>
    <ClInclude Include="PaneButton.h">
      <Filter>Header Files</Filter>
    </ClInclude>
    <ClInclude Include="PaneGFXSurface.h">
      <Filter>Header Files</Filter>
    </ClInclude>
    <ClInclude Include="PaneReport.h">
      <Filter>Header Files</Filter>
    </ClInclude>
    <ClInclude Include="PlayerEx.h">
      <Filter>Header Files</Filter>
    </ClInclude>
    <ClInclude Include="StdPanes.h">
      <Filter>Header Files</Filter>
    </ClInclude>
    <ClInclude Include="TethysGameEx.h">
      <Filter>Header Files</Filter>
    </ClInclude>
    <ClInclude Include="TriggerEx.h">
      <Filter>Header Files</Filter>
    </ClInclude>
    <ClInclude Include="UnitEx.h">
      <Filter>Header Files</Filter>
    </ClInclude>
    <ClInclude Include="UnitInfo.h">
      <Filter>Header Files</Filter>
    </ClInclude>
    <ClInclude Include="GameMapEx.h">
      <Filter>Header Files</Filter>
    </ClInclude>
    <ClInclude Include="Research.h">
      <Filter>Header Files</Filter>
    </ClInclude>
  </ItemGroup>
  <ItemGroup>
    <ClCompile Include="GameMapEx.cpp">
      <Filter>Source Files</Filter>
    </ClCompile>
    <ClCompile Include="HFLMain.cpp">
      <Filter>Source Files</Filter>
    </ClCompile>
    <ClCompile Include="PaneButton.cpp">
      <Filter>Source Files</Filter>
    </ClCompile>
    <ClCompile Include="PaneGFXSurface.cpp">
      <Filter>Source Files</Filter>
    </ClCompile>
    <ClCompile Include="PaneReport.cpp">
      <Filter>Source Files</Filter>
    </ClCompile>
    <ClCompile Include="PlayerEx.cpp">
      <Filter>Source Files</Filter>
    </ClCompile>
    <ClCompile Include="StdPanes.cpp">
      <Filter>Source Files</Filter>
    </ClCompile>
    <ClCompile Include="TethysGameEx.cpp">
      <Filter>Source Files</Filter>
    </ClCompile>
    <ClCompile Include="TriggerEx.cpp">
      <Filter>Source Files</Filter>
    </ClCompile>
    <ClCompile Include="UnitEx.cpp">
      <Filter>Source Files</Filter>
    </ClCompile>
    <ClCompile Include="UnitInfo.cpp">
      <Filter>Source Files</Filter>
    </ClCompile>
    <ClCompile Include="Research.cpp">
      <Filter>Source Files</Filter>
    </ClCompile>
  </ItemGroup>
</Project>